
Microsoft Visual Studio Solution File, Format Version 12.00
Project("{2150E333-8FDC-42A3-9474-1A3956D46DE8}") = "Core", "Core", "{6B038926-6A9E-4154-8E7C-00DCCBB78712}"
EndProject
Project("{2150E333-8FDC-42A3-9474-1A3956D46DE8}") = "Infrastructure", "Infrastructure", "{851F9BDE-6907-4EF2-B8E6-7B69DF0D5BAE}"
EndProject
Project("{2150E333-8FDC-42A3-9474-1A3956D46DE8}") = "Presentation", "Presentation", "{8B25B3E1-4543-4262-8368-6F39AFB7EAB7}"
EndProject
Project("{FAE04EC0-301F-11D3-BF4B-00C04F79EFBC}") = "Application", "Application\Application.csproj", "{3E9EFB5A-0D9A-4775-B459-2218C1907311}"
EndProject
Project("{FAE04EC0-301F-11D3-BF4B-00C04F79EFBC}") = "Domain", "Domain\Domain.csproj", "{9AABADD9-98EE-41E8-AEF9-6023D7F5C8A4}"
EndProject
Project("{FAE04EC0-301F-11D3-BF4B-00C04F79EFBC}") = "Persistence", "Persistence\Persistence.csproj", "{D5ADA107-3346-40F0-9B3F-113734E0F37A}"
EndProject
Project("{FAE04EC0-301F-11D3-BF4B-00C04F79EFBC}") = "WebApi", "WebApi\WebApi.csproj", "{72E2F802-6442-4996-A610-633229A9A44B}"
EndProject
Project("{2150E333-8FDC-42A3-9474-1A3956D46DE8}") = "Solution Items", "Solution Items", "{FFD80539-697E-45FB-9EA8-E55B551F6083}"
	ProjectSection(SolutionItems) = preProject
		compose.yaml = compose.yaml
	EndProjectSection
EndProject
Project("{2150E333-8FDC-42A3-9474-1A3956D46DE8}") = "Tests", "Tests", "{301FDDC4-933B-4109-8CB3-DF88E4575697}"
EndProject
Project("{FAE04EC0-301F-11D3-BF4B-00C04F79EFBC}") = "Tests", "Tests\Tests.csproj", "{BA74FFA9-5896-46A8-8487-A7F1FE8DCFB4}"
EndProject
Global
	GlobalSection(SolutionConfigurationPlatforms) = preSolution
		Debug|Any CPU = Debug|Any CPU
		Release|Any CPU = Release|Any CPU
	EndGlobalSection
	GlobalSection(NestedProjects) = preSolution
		{3E9EFB5A-0D9A-4775-B459-2218C1907311} = {6B038926-6A9E-4154-8E7C-00DCCBB78712}
		{9AABADD9-98EE-41E8-AEF9-6023D7F5C8A4} = {6B038926-6A9E-4154-8E7C-00DCCBB78712}
		{D5ADA107-3346-40F0-9B3F-113734E0F37A} = {851F9BDE-6907-4EF2-B8E6-7B69DF0D5BAE}
		{72E2F802-6442-4996-A610-633229A9A44B} = {8B25B3E1-4543-4262-8368-6F39AFB7EAB7}
		{BA74FFA9-5896-46A8-8487-A7F1FE8DCFB4} = {301FDDC4-933B-4109-8CB3-DF88E4575697}
	EndGlobalSection
	GlobalSection(ProjectConfigurationPlatforms) = postSolution
		{3E9EFB5A-0D9A-4775-B459-2218C1907311}.Debug|Any CPU.ActiveCfg = Debug|Any CPU
		{3E9EFB5A-0D9A-4775-B459-2218C1907311}.Debug|Any CPU.Build.0 = Debug|Any CPU
		{3E9EFB5A-0D9A-4775-B459-2218C1907311}.Release|Any CPU.ActiveCfg = Release|Any CPU
		{3E9EFB5A-0D9A-4775-B459-2218C1907311}.Release|Any CPU.Build.0 = Release|Any CPU
		{9AABADD9-98EE-41E8-AEF9-6023D7F5C8A4}.Debug|Any CPU.ActiveCfg = Debug|Any CPU
		{9AABADD9-98EE-41E8-AEF9-6023D7F5C8A4}.Debug|Any CPU.Build.0 = Debug|Any CPU
		{9AABADD9-98EE-41E8-AEF9-6023D7F5C8A4}.Release|Any CPU.ActiveCfg = Release|Any CPU
		{9AABADD9-98EE-41E8-AEF9-6023D7F5C8A4}.Release|Any CPU.Build.0 = Release|Any CPU
		{D5ADA107-3346-40F0-9B3F-113734E0F37A}.Debug|Any CPU.ActiveCfg = Debug|Any CPU
		{D5ADA107-3346-40F0-9B3F-113734E0F37A}.Debug|Any CPU.Build.0 = Debug|Any CPU
		{D5ADA107-3346-40F0-9B3F-113734E0F37A}.Release|Any CPU.ActiveCfg = Release|Any CPU
		{D5ADA107-3346-40F0-9B3F-113734E0F37A}.Release|Any CPU.Build.0 = Release|Any CPU
		{72E2F802-6442-4996-A610-633229A9A44B}.Debug|Any CPU.ActiveCfg = Debug|Any CPU
		{72E2F802-6442-4996-A610-633229A9A44B}.Debug|Any CPU.Build.0 = Debug|Any CPU
		{72E2F802-6442-4996-A610-633229A9A44B}.Release|Any CPU.ActiveCfg = Release|Any CPU
		{72E2F802-6442-4996-A610-633229A9A44B}.Release|Any CPU.Build.0 = Release|Any CPU
		{BA74FFA9-5896-46A8-8487-A7F1FE8DCFB4}.Debug|Any CPU.ActiveCfg = Debug|Any CPU
		{BA74FFA9-5896-46A8-8487-A7F1FE8DCFB4}.Debug|Any CPU.Build.0 = Debug|Any CPU
		{BA74FFA9-5896-46A8-8487-A7F1FE8DCFB4}.Release|Any CPU.ActiveCfg = Release|Any CPU
		{BA74FFA9-5896-46A8-8487-A7F1FE8DCFB4}.Release|Any CPU.Build.0 = Release|Any CPU
	EndGlobalSection
EndGlobal
